{
  "lockfileVersion": 1,
  "configVersion": 1,
  "workspaces": {
    "": {
      "name": "test",
      "dependencies": {
        "@langchain/community": "^1.1.29",
        "@langchain/core": "^1.2.5",
        "@langchain/openai": "^1.5.6",
        "dotenv": "^17.4.2",
        "dotenv-flow": "^4.1.0",
        "langchain": "^1.5.5",
        "openai": "^7.4.0",
        "zod": "^4.4.3",
      },
    },
  },
  "packages": {
    "@anthropic-ai/sdk": ["@anthropic-ai/sdk@0.27.3", "https://mirrors.tencent.com/npm/@anthropic-ai/sdk/-/sdk-0.27.3.tgz", { "dependencies": { "@types/node": "^18.11.18", "@types/node-fetch": "^2.6.4", "abort-controller": "^3.0.0", "agentkeepalive": "^4.2.1", "form-data-encoder": "1.7.2", "formdata-node": "^4.3.2", "node-fetch": "^2.6.7" } }, "sha512-IjLt0gd3L4jlOfilxVXTifn42FnVffMgDC04RJK1KDZpmkBWLv0XC92MVVmkxrFZNS/7l3xWgP/I3nqtX1sQHw=="],

    "@borewit/text-codec": ["@borewit/text-codec@0.2.2", "https://mirrors.tencent.com/npm/@borewit/text-codec/-/text-codec-0.2.2.tgz", {}, "sha512-DDaRehssg1aNrH4+2hnj1B7vnUGEjU6OIlyRdkMd0aUdIUvKXrJfXsy8LVtXAy7DRvYVluWbMspsRhz2lcW0mQ=="],

    "@browserbasehq/sdk": ["@browserbasehq/sdk@2.16.0", "https://mirrors.tencent.com/npm/@browserbasehq/sdk/-/sdk-2.16.0.tgz", { "dependencies": { "@types/node": "^18.11.18", "@types/node-fetch": "^2.6.4", "abort-controller": "^3.0.0", "agentkeepalive": "^4.2.1", "form-data-encoder": "1.7.2", "formdata-node": "^4.3.2", "node-fetch": "^2.6.7" } }, "sha512-mPAuLRU9jWR7o0KJi9+gQnOBDUSIkoKbbFv4HjrA+80qWVcFacrNPlZmf4mguQnfZ0oP2t5c3ws6yuFyAX9vpA=="],

    "@browserbasehq/stagehand": ["@browserbasehq/stagehand@1.14.0", "https://mirrors.tencent.com/npm/@browserbasehq/stagehand/-/stagehand-1.14.0.tgz", { "dependencies": { "@anthropic-ai/sdk": "^0.27.3", "@browserbasehq/sdk": "^2.0.0", "ws": "^8.18.0", "zod-to-json-schema": "^3.23.5" }, "peerDependencies": { "@playwright/test": "^1.42.1", "deepmerge": "^4.3.1", "dotenv": "^16.4.5", "openai": "^4.62.1", "zod": "^3.23.8" } }, "sha512-Hi/EzgMFWz+FKyepxHTrqfTPjpsuBS4zRy3e9sbMpBgLPv+9c0R+YZEvS7Bw4mTS66QtvvURRT6zgDGFotthVQ=="],

    "@cfworker/json-schema": ["@cfworker/json-schema@4.1.1", "https://mirrors.tencent.com/npm/@cfworker/json-schema/-/json-schema-4.1.1.tgz", {}, "sha512-gAmrUZSGtKc3AiBL71iNWxDsyUC5uMaKKGdvzYsBoTW/xi42JQHl7eKV2OYzCUqvc+D2RCcf7EXY2iCyFIk6og=="],

    "@ibm-cloud/watsonx-ai": ["@ibm-cloud/watsonx-ai@1.7.16", "https://mirrors.tencent.com/npm/@ibm-cloud/watsonx-ai/-/watsonx-ai-1.7.16.tgz", { "dependencies": { "form-data": "^4.0.4", "ibm-cloud-sdk-core": "^5.4.20" } }, "sha512-ks7EI3TlrnZ6uKEIGemLHiBqOaqrA2dALNhC9Potl5CeajGNhF0n6eY30cNRvboDbuMRibw1iAtn7vnX4dzlwg=="],

    "@langchain/classic": ["@langchain/classic@1.0.41", "https://mirrors.tencent.com/npm/@langchain/classic/-/classic-1.0.41.tgz", { "dependencies": { "@langchain/openai": "1.5.6", "@langchain/textsplitters": "1.0.1", "handlebars": "^4.7.9", "js-yaml": "^5.2.2", "jsonpointer": "^5.0.1", "openapi-types": "^12.1.3", "yaml": "^2.9.0", "zod": "^3.25.76 || ^4" }, "optionalDependencies": { "langsmith": ">=0.4.0 <1.0.0" }, "peerDependencies": { "@langchain/core": "^1.2.5", "cheerio": "*", "peggy": "^5.1.0", "typeorm": "*" }, "optionalPeers": ["cheerio", "peggy", "typeorm"] }, "sha512-m6uIp6qrS/D/QKUvE0M/FZ7gm6g4khXzWROh0clYaDjmb3q+kUuNWdAthHFB6c4Gd7PY4O6jKGj8qMqhceaDGw=="],

    "@langchain/community": ["@langchain/community@1.1.29", "https://mirrors.tencent.com/npm/@langchain/community/-/community-1.1.29.tgz", { "dependencies": { "@langchain/classic": "^1.0.27", "@langchain/openai": "^1.4.1", "binary-extensions": "^2.2.0", "flat": "^5.0.2", "js-yaml": "^4.1.1", "langsmith": ">=0.4.0 <1.0.0", "math-expression-evaluator": "^2.0.0", "uuid": "^14.0.0", "zod": "^3.25.76 || ^4" }, "peerDependencies": { "@arcjet/redact": "^v1.2.0", "@aws-crypto/sha256-js": "^5.0.0", "@aws-sdk/client-dynamodb": "^3.1001.0", "@aws-sdk/client-lambda": "^3.1001.0", "@aws-sdk/client-s3": "^3.1001.0", "@aws-sdk/client-sagemaker-runtime": "^3.1001.0", "@aws-sdk/client-sfn": "^3.1001.0", "@aws-sdk/credential-provider-node": "^3.388.0", "@azure/search-documents": "^12.2.0", "@azure/storage-blob": "^12.31.0", "@browserbasehq/sdk": "*", "@browserbasehq/stagehand": "^1.0.0", "@clickhouse/client": "^0.2.5", "@datastax/astra-db-ts": "^1.0.0", "@elastic/elasticsearch": "^8.4.0", "@getmetal/metal-sdk": "*", "@getzep/zep-cloud": "^1.0.6", "@getzep/zep-js": "^2.0.2", "@gomomento/sdk-core": "^1.117.2", "@google-cloud/storage": "^6.10.1 || ^7.7.0", "@gradientai/nodejs-sdk": "^1.2.0", "@huggingface/inference": "^4.13.14", "@huggingface/transformers": "^3.8.1", "@ibm-cloud/watsonx-ai": "*", "@lancedb/lancedb": "^0.19.1", "@langchain/core": "^1.1.38", "@layerup/layerup-security": "^1.5.12", "@libsql/client": "^0.17.0", "@mendable/firecrawl-js": "^4.15.2", "@mlc-ai/web-llm": "*", "@mozilla/readability": "*", "@neondatabase/serverless": "*", "@notionhq/client": "^5.11.1", "@opensearch-project/opensearch": "*", "@planetscale/database": "^1.8.0", "@premai/prem-sdk": "^0.3.25", "@raycast/api": "^1.55.2", "@rockset/client": "^0.9.1", "@smithy/eventstream-codec": "^4.2.10", "@smithy/protocol-http": "^5.3.10", "@smithy/signature-v4": "^5.3.10", "@smithy/util-utf8": "^4.2.2", "@spider-cloud/spider-client": "^0.2.0", "@supabase/supabase-js": "^2.45.0", "@tensorflow-models/universal-sentence-encoder": "*", "@tensorflow/tfjs-core": "*", "@upstash/ratelimit": "^1.1.3 || ^2.0.3", "@upstash/redis": "^1.20.6", "@upstash/vector": "^1.1.1", "@vercel/kv": "*", "@vercel/postgres": "*", "@writerai/writer-sdk": "^3.6.0", "@xata.io/client": "^0.30.1", "@zilliz/milvus2-sdk-node": ">=2.3.5", "apify-client": "^2.22.2", "assemblyai": "^4.25.1", "azion": "^3.1.2", "better-sqlite3": ">=9.4.0 <13.0.0", "cassandra-driver": "^4.7.2", "cborg": "^4.5.8", "cheerio": "^1.2.0", "chromadb": "*", "closevector-common": "0.1.3", "closevector-node": "0.1.6", "closevector-web": "0.1.6", "convex": "^1.32.0", "couchbase": "^4.6.1", "crypto-js": "^4.2.0", "d3-dsv": "^3.0.1", "discord.js": "^14.25.1", "duck-duck-scrape": "^2.2.5", "epub2": "^3.0.1", "faiss-node": "*", "fast-xml-parser": "*", "firebase-admin": "^13.6.1", "google-auth-library": "*", "googleapis": "*", "hnswlib-node": "^3.0.0", "html-to-text": "^9.0.5", "ibm-cloud-sdk-core": "*", "ignore": "^7.0.5", "interface-datastore": "^9.0.2", "ioredis": "^5.3.2", "it-all": "^3.0.4", "jsdom": "*", "jsonwebtoken": "^9.0.3", "lodash": "^4.17.23", "lunary": "^0.7.10", "mammoth": "^1.11.0", "mariadb": "^3.5.1", "mem0ai": "^2.2.4", "mysql2": "^3.19.1", "neo4j-driver": "*", "node-llama-cpp": ">=3.0.0", "notion-to-md": "^3.1.0", "officeparser": "^6.0.4", "openai": "*", "pdf-parse": "^1.0.0 || ^2.0.0", "pg": "^8.11.0", "pg-copy-streams": "^7.0.0", "pickleparser": "^0.2.1", "playwright": "^1.58.2", "portkey-ai": "^3.0.3", "puppeteer": "*", "pyodide": ">=0.24.1 <0.27.0", "replicate": "*", "sonix-speech-recognition": "^2.1.1", "srt-parser-2": "^1.2.3", "typeorm": "^0.3.28", "typesense": "^3.0.1", "usearch": "^1.1.1", "voy-search": "0.6.3", "word-extractor": "*", "ws": "^8.14.2", "youtubei.js": "*" }, "optionalPeers": ["@arcjet/redact", "@aws-crypto/sha256-js", "@aws-sdk/client-dynamodb", "@aws-sdk/client-lambda", "@aws-sdk/client-s3", "@aws-sdk/client-sagemaker-runtime", "@aws-sdk/client-sfn", "@aws-sdk/credential-provider-node", "@azure/search-documents", "@azure/storage-blob", "@browserbasehq/sdk", "@clickhouse/client", "@datastax/astra-db-ts", "@elastic/elasticsearch", "@getmetal/metal-sdk", "@getzep/zep-cloud", "@getzep/zep-js", "@gomomento/sdk-core", "@google-cloud/storage", "@gradientai/nodejs-sdk", "@huggingface/inference", "@huggingface/transformers", "@lancedb/lancedb", "@layerup/layerup-security", "@libsql/client", "@mendable/firecrawl-js", "@mlc-ai/web-llm", "@mozilla/readability", "@neondatabase/serverless", "@notionhq/client", "@opensearch-project/opensearch", "@planetscale/database", "@premai/prem-sdk", "@raycast/api", "@rockset/client", "@smithy/eventstream-codec", "@smithy/protocol-http", "@smithy/signature-v4", "@smithy/util-utf8", "@spider-cloud/spider-client", "@supabase/supabase-js", "@tensorflow-models/universal-sentence-encoder", "@tensorflow/tfjs-core", "@upstash/ratelimit", "@upstash/redis", "@upstash/vector", "@vercel/kv", "@vercel/postgres", "@writerai/writer-sdk", "@xata.io/client", "@zilliz/milvus2-sdk-node", "apify-client", "assemblyai", "azion", "better-sqlite3", "cassandra-driver", "cborg", "cheerio", "chromadb", "closevector-common", "closevector-node", "closevector-web", "convex", "couchbase", "crypto-js", "d3-dsv", "discord.js", "duck-duck-scrape", "epub2", "faiss-node", "fast-xml-parser", "firebase-admin", "google-auth-library", "googleapis", "hnswlib-node", "html-to-text", "ignore", "interface-datastore", "ioredis", "it-all", "jsdom", "jsonwebtoken", "lodash", "lunary", "mammoth", "mariadb", "mem0ai", "mysql2", "neo4j-driver", "node-llama-cpp", "notion-to-md", "officeparser", "pdf-parse", "pg", "pg-copy-streams", "pickleparser", "playwright", "portkey-ai", "puppeteer", "pyodide", "replicate", "sonix-speech-recognition", "srt-parser-2", "typeorm", "typesense", "usearch", "voy-search", "word-extractor", "ws", "youtubei.js"] }, "sha512-eJbE0IARueEg+Lljk7SIGGeiSnu5u0mcT0MPIF7UG6jYPNXOpSebwiXsS3aIKOyJZSj0DlmBPv7q0hkLrxDtHA=="],

    "@langchain/core": ["@langchain/core@1.2.5", "https://mirrors.tencent.com/npm/@langchain/core/-/core-1.2.5.tgz", { "dependencies": { "@cfworker/json-schema": "^4.0.2", "@standard-schema/spec": "^1.1.0", "js-tiktoken": "^1.0.12", "langsmith": ">=0.5.0 <1.0.0", "mustache": "^4.2.0", "p-queue": "^6.6.2", "zod": "^3.25.76 || ^4" } }, "sha512-4lXj3fTPQYGdEtOG9gWDnvmp6wpXNMo9MmWzfZxxPUxMcjulZJa93pYAZ90luFLg2YVdVuUl2tuwdD7tY5K9MA=="],

    "@langchain/langgraph": ["@langchain/langgraph@1.4.9", "https://mirrors.tencent.com/npm/@langchain/langgraph/-/langgraph-1.4.9.tgz", { "dependencies": { "@langchain/langgraph-checkpoint": "^1.1.3", "@langchain/langgraph-sdk": "~1.9.28", "@langchain/protocol": "^0.0.18", "@standard-schema/spec": "1.1.0" }, "peerDependencies": { "@langchain/core": "^1.1.48", "zod": "^3.25.32 || ^4.2.0" } }, "sha512-EvD9rS66Cya09y6rbMgD3Ir8miAkJQFo7FyJOPRPO736Kz3y5TeyeBDOS8ctff/jRc788bPijHx2NVFM79Qqig=="],

    "@langchain/langgraph-checkpoint": ["@langchain/langgraph-checkpoint@1.1.3", "https://mirrors.tencent.com/npm/@langchain/langgraph-checkpoint/-/langgraph-checkpoint-1.1.3.tgz", { "peerDependencies": { "@langchain/core": "^1.1.48" } }, "sha512-wgzdQNeEsdw1e+4lvlj0tdq/RYR/k1vPin10g0ymGoehZDDgd9nvIllGXSXN4TFgF9sf5qQP/KTkOcLfeseIhA=="],

    "@langchain/langgraph-sdk": ["@langchain/langgraph-sdk@1.9.28", "https://mirrors.tencent.com/npm/@langchain/langgraph-sdk/-/langgraph-sdk-1.9.28.tgz", { "dependencies": { "@langchain/protocol": "^0.0.18", "@types/json-schema": "^7.0.15", "p-queue": "^9.0.1", "p-retry": "^7.1.1" }, "peerDependencies": { "@langchain/core": "^1.1.48", "react": "^18 || ^19", "react-dom": "^18 || ^19", "svelte": "^4.0.0 || ^5.0.0", "vue": "^3.0.0" }, "optionalPeers": ["react", "react-dom", "svelte", "vue"] }, "sha512-4j3XuM0PvtmAbL8mPfBS99ez3+ytRfgbOpAR/nOeaejTRF3Q9dNw2QnaGLGng8wLPtGLoSj+SYgUOVxy9Bv9vg=="],

    "@langchain/openai": ["@langchain/openai@1.5.6", "", { "dependencies": { "js-tiktoken": "^1.0.12", "openai": "^6.41.0", "zod": "^3.25.76 || ^4" }, "peerDependencies": { "@langchain/core": "^1.2.5" } }, "sha512-1cesvhCXw30tMYWXXQaK2gN4aDIKq266LcMSjZn7O/kue/vPnCOAxiwy54HcGQQf7m/sVKfhOn4QwVRObSeAsg=="],

    "@langchain/protocol": ["@langchain/protocol@0.0.18", "https://mirrors.tencent.com/npm/@langchain/protocol/-/protocol-0.0.18.tgz", {}, "sha512-XW1egQtPfsGI41w2AMZNFZrUIwFSQHTjVMZs0OaTpCAvht/QLoaPN8FQcsysMVypOhupG28J29yOorrc70otBQ=="],

    "@langchain/textsplitters": ["@langchain/textsplitters@1.0.1", "https://mirrors.tencent.com/npm/@langchain/textsplitters/-/textsplitters-1.0.1.tgz", { "dependencies": { "js-tiktoken": "^1.0.12" }, "peerDependencies": { "@langchain/core": "^1.0.0" } }, "sha512-rheJlB01iVtrOUzttscutRgLybPH9qR79EyzBEbf1u97ljWyuxQfCwIWK+SjoQTM9O8M7GGLLRBSYE26Jmcoww=="],

    "@playwright/test": ["@playwright/test@1.62.1", "https://mirrors.tencent.com/npm/@playwright/test/-/test-1.62.1.tgz", { "dependencies": { "playwright": "1.62.1" }, "bin": { "playwright": "cli.js" } }, "sha512-DTcUc8qii+cpHvtOwggMtBRMjKZHXYWdw8syRYu2vtzuq4Wxphqq4NfCs5Zt44L6mA8rfDfj+PHnxFc/FeK6mQ=="],

    "@standard-schema/spec": ["@standard-schema/spec@1.1.0", "https://mirrors.tencent.com/npm/@standard-schema/spec/-/spec-1.1.0.tgz", {}, "sha512-l2aFy5jALhniG5HgqrD6jXLi/rUWrKvqN/qJx6yoJsgKhblVd+iqqU4RCXavm/jPityDo5TCvKMnpjKnOriy0w=="],

    "@tokenizer/inflate": ["@tokenizer/inflate@0.4.1", "https://mirrors.tencent.com/npm/@tokenizer/inflate/-/inflate-0.4.1.tgz", { "dependencies": { "debug": "^4.4.3", "token-types": "^6.1.1" } }, "sha512-2mAv+8pkG6GIZiF1kNg1jAjh27IDxEPKwdGul3snfztFerfPGI1LjDezZp3i7BElXompqEtPmoPx6c2wgtWsOA=="],

    "@tokenizer/token": ["@tokenizer/token@0.3.0", "https://mirrors.tencent.com/npm/@tokenizer/token/-/token-0.3.0.tgz", {}, "sha512-OvjF+z51L3ov0OyAU0duzsYuvO01PH7x4t6DJx+guahgTnBHkhJdG7soQeTSFLWN3efnHyibZ4Z8l2EuWwJN3A=="],

    "@types/debug": ["@types/debug@4.1.12", "https://mirrors.tencent.com/npm/@types/debug/-/debug-4.1.12.tgz", { "dependencies": { "@types/ms": "*" } }, "sha512-vIChWdVG3LG1SMxEvI/AK+FWJthlrqlTu7fbrlywTkkaONwk/UAGaULXRlf8vkzFBLVm0zkMdCquhL5aOjhXPQ=="],

    "@types/json-schema": ["@types/json-schema@7.0.15", "https://mirrors.tencent.com/npm/@types/json-schema/-/json-schema-7.0.15.tgz", {}, "sha512-5+fP8P8MFNC+AyZCDxrB2pkZFPGzqQWUzpSeuuVLvm8VMcorNYavBqoFcxK8bQz4Qsbn4oUEEem4wDLfcysGHA=="],

    "@types/ms": ["@types/ms@2.1.0", "https://mirrors.tencent.com/npm/@types/ms/-/ms-2.1.0.tgz", {}, "sha512-GsCCIZDE/p3i96vtEqx+7dBUGXrc7zeSK3wwPHIaRThS+9OhWIXRqzs4d6k1SVU8g91DrNRWxWUGhp5KXQb2VA=="],

    "@types/node": ["@types/node@18.19.80", "https://mirrors.tencent.com/npm/@types/node/-/node-18.19.80.tgz", { "dependencies": { "undici-types": "~5.26.4" } }, "sha512-kEWeMwMeIvxYkeg1gTc01awpwLbfMRZXdIhwRcakd/KlK53jmRC26LqcbIt7fnAQTu5GzlnWmzA3H6+l1u6xxQ=="],

    "@types/node-fetch": ["@types/node-fetch@2.6.13", "https://mirrors.tencent.com/npm/@types/node-fetch/-/node-fetch-2.6.13.tgz", { "dependencies": { "@types/node": "*", "form-data": "^4.0.4" } }, "sha512-QGpRVpzSaUs30JBSGPjOg4Uveu384erbHBoT1zeONvyCfwQxIkUshLAOqN/k9EjGviPRmWTTe6aH2qySWKTVSw=="],

    "@types/tough-cookie": ["@types/tough-cookie@4.0.0", "https://mirrors.tencent.com/npm/@types/tough-cookie/-/tough-cookie-4.0.0.tgz", {}, "sha512-I99sngh224D0M7XgW1s120zxCt3VYQ3IQsuw3P3jbq5GG4yc79+ZjyKznyOGIQrflfylLgcfekeZW/vk0yng6A=="],

    "abort-controller": ["abort-controller@3.0.0", "https://mirrors.tencent.com/npm/abort-controller/-/abort-controller-3.0.0.tgz", { "dependencies": { "event-target-shim": "^5.0.0" } }, "sha512-h8lQ8tacZYnR3vNQTgibj+tODHI5/+l06Au2Pcriv/Gmet0eaj4TwWH41sO9wnHDiQsEj19q0drzdWdeAHtweg=="],

    "agent-base": ["agent-base@6.0.2", "https://mirrors.tencent.com/npm/agent-base/-/agent-base-6.0.2.tgz", { "dependencies": { "debug": "4" } }, "sha512-RZNwNclF7+MS/8bDg70amg32dyeZGZxiDuQmZxKLAlQjr3jGyLx+4Kkk58UO7D2QdgFIQCovuSuZESne6RG6XQ=="],

    "agentkeepalive": ["agentkeepalive@4.6.0", "https://mirrors.tencent.com/npm/agentkeepalive/-/agentkeepalive-4.6.0.tgz", { "dependencies": { "humanize-ms": "^1.2.1" } }, "sha512-kja8j7PjmncONqaTsB8fQ+wE2mSU2DJ9D4XKoJ5PFWIdRMa6SLSN1ff4mOr4jCbfRSsxR4keIiySJU0N9T5hIQ=="],

    "argparse": ["argparse@2.0.1", "https://mirrors.tencent.com/npm/argparse/-/argparse-2.0.1.tgz", {}, "sha512-8+9WqebbFzpX9OR+Wa6O29asIogeRMzcGtAINdpMHHyAg10f05aSFVBbcEqGf/PXw1EjAZ+q2/bEBg3DvurK3Q=="],

    "asynckit": ["asynckit@0.4.0", "https://mirrors.tencent.com/npm/asynckit/-/asynckit-0.4.0.tgz", {}, "sha512-Oei9OH4tRh0YqU3GxhX79dM/mwVgvbZJaSNaRk+bshkj0S5cfHcgYakreBjrHwatXKbz+IoIdYLxrKim2MjW0Q=="],

    "axios": ["axios@1.18.0", "https://mirrors.tencent.com/npm/axios/-/axios-1.18.0.tgz", { "dependencies": { "follow-redirects": "^1.16.0", "form-data": "^4.0.5", "https-proxy-agent": "^5.0.1", "proxy-from-env": "^2.1.0" } }, "sha512-E32NzpYKp++W7XRe52rHiXV2ehxmh3wbdgO7MHeFM+vqxLBYHzt0ElkiImtOBxtOmyp0yoC8C6uESVV84Y2/hw=="],

    "base64-js": ["base64-js@1.5.1", "https://mirrors.tencent.com/npm/base64-js/-/base64-js-1.5.1.tgz", {}, "sha512-AKpaYlHn8t4SVbOHCy+b5+KKgvR4vrsD8vbvrbiQJps7fKDTkjkDry6ji0rUJjC0kzbNePLwzxq8iypo41qeWA=="],

    "binary-extensions": ["binary-extensions@2.3.0", "https://mirrors.tencent.com/npm/binary-extensions/-/binary-extensions-2.3.0.tgz", {}, "sha512-Ceh+7ox5qe7LJuLHoY0feh3pHuUDHAcRUeyL2VYghZwfpkNIy/+8Ocg0a3UuSoYzavmylwuLWQOf3hl0jjMMIw=="],

    "buffer-equal-constant-time": ["buffer-equal-constant-time@1.0.1", "https://mirrors.tencent.com/npm/buffer-equal-constant-time/-/buffer-equal-constant-time-1.0.1.tgz", {}, "sha512-zRpUiDwd/xk6ADqPMATG8vc9VPrkck7T07OIx0gnjmJAnHnTVXNQG3vfvWNuiZIkwu9KrKdA1iJKfsfTVxE6NA=="],

    "call-bind-apply-helpers": ["call-bind-apply-helpers@1.0.2", "https://mirrors.tencent.com/npm/call-bind-apply-helpers/-/call-bind-apply-helpers-1.0.2.tgz", { "dependencies": { "es-errors": "^1.3.0", "function-bind": "^1.1.2" } }, "sha512-Sp1ablJ0ivDkSzjcaJdxEunN5/XvksFJ2sMBFfq6x0ryhQV/2b/KwFe21cMpmHtPOSij8K99/wSfoEuTObmuMQ=="],

    "camelcase": ["camelcase@6.3.0", "https://mirrors.tencent.com/npm/camelcase/-/camelcase-6.3.0.tgz", {}, "sha512-Gmy6FhYlCY7uOElZUSbxo2UCDH8owEk996gkbrpsgGtrJLM3J7jGxl9Ic7Qwwj4ivOE5AWZWRMecDdF7hqGjFA=="],

    "combined-stream": ["combined-stream@1.0.8", "https://mirrors.tencent.com/npm/combined-stream/-/combined-stream-1.0.8.tgz", { "dependencies": { "delayed-stream": "~1.0.0" } }, "sha512-FQN4MRfuJeHf7cBbBMJFXhKSDq+2kAArBlmRBvcvFE5BB1HZKXtSFASDhdlz9zOYwxh8lDdnvmMOe/+5cdoEdg=="],

    "debug": ["debug@4.3.4", "https://mirrors.tencent.com/npm/debug/-/debug-4.3.4.tgz", { "dependencies": { "ms": "2.1.2" } }, "sha512-PRWFHuSU3eDtQJPvnNY7Jcket1j0t5OuOsFzPPzsekD52Zl8qUfFIPEiswXqIvHWGVHOgX+7G/vCNNhehwxfkQ=="],

    "deepmerge": ["deepmerge@4.3.1", "https://mirrors.tencent.com/npm/deepmerge/-/deepmerge-4.3.1.tgz", {}, "sha512-3sUqbMEc77XqpdNO7FRyRog+eW3ph+GYCbj+rK+uYyRMuwsVy0rMiVtPn+QJlKFvWP/1PYpapqYn0Me2knFn+A=="],

    "delayed-stream": ["delayed-stream@1.0.0", "https://mirrors.tencent.com/npm/delayed-stream/-/delayed-stream-1.0.0.tgz", {}, "sha512-ZySD7Nf91aLB0RxL4KGrKHBXl7Eds1DAmEdcoVawXnLD7SDhpNgtuII2aAkg7a7QS41jxPSZ17p4VdGnMHk3MQ=="],

    "dotenv": ["dotenv@17.4.2", "https://mirrors.tencent.com/npm/dotenv/-/dotenv-17.4.2.tgz", {}, "sha512-nI4U3TottKAcAD9LLud4Cb7b2QztQMUEfHbvhTH09bqXTxnSie8WnjPALV/WMCrJZ6UV/qHJ6L03OqO3LcdYZw=="],

    "dotenv-flow": ["dotenv-flow@4.1.0", "https://mirrors.tencent.com/npm/dotenv-flow/-/dotenv-flow-4.1.0.tgz", { "dependencies": { "dotenv": "^16.0.0" } }, "sha512-0cwP9jpQBQfyHwvE0cRhraZMkdV45TQedA8AAUZMsFzvmLcQyc1HPv+oX0OOYwLFjIlvgVepQ+WuQHbqDaHJZg=="],

    "dunder-proto": ["dunder-proto@1.0.1", "https://mirrors.tencent.com/npm/dunder-proto/-/dunder-proto-1.0.1.tgz", { "dependencies": { "call-bind-apply-helpers": "^1.0.1", "es-errors": "^1.3.0", "gopd": "^1.2.0" } }, "sha512-KIN/nDJBQRcXw0MLVhZE9iQHmG68qAVIBg9CqmUYjmQIhgij9U5MFvrqkUL5FbtyyzZuOeOt0zdeRe4UY7ct+A=="],

    "ecdsa-sig-formatter": ["ecdsa-sig-formatter@1.0.11", "https://mirrors.tencent.com/npm/ecdsa-sig-formatter/-/ecdsa-sig-formatter-1.0.11.tgz", { "dependencies": { "safe-buffer": "^5.0.1" } }, "sha512-nagl3RYrbNv6kQkeJIpt6NJZy8twLB/2vtz6yN9Z4vRKHN4/QZJIEbqohALSgwKdnksuY3k5Addp5lg8sVoVcQ=="],

    "es-define-property": ["es-define-property@1.0.1", "https://mirrors.tencent.com/npm/es-define-property/-/es-define-property-1.0.1.tgz", {}, "sha512-e3nRfgfUZ4rNGL232gUgX06QNyyez04KdjFrF+LTRoOXmrOgFKDg4BCdsjW8EnT69eqdYGmRpJwiPVYNrCaW3g=="],

    "es-errors": ["es-errors@1.3.0", "https://mirrors.tencent.com/npm/es-errors/-/es-errors-1.3.0.tgz", {}, "sha512-Zf5H2Kxt2xjTvbJvP2ZWLEICxA6j+hAmMzIlypy4xcBg1vKVnx89Wy0GbS+kf5cwCVFFzdCFh2XSCFNULS6csw=="],

    "es-object-atoms": ["es-object-atoms@1.1.2", "https://mirrors.tencent.com/npm/es-object-atoms/-/es-object-atoms-1.1.2.tgz", { "dependencies": { "es-errors": "^1.3.0" } }, "sha512-HWcBoN6NileqtSydK2FqHbS/LoDd2pqrnQHLyJzBj4kOp/ky2MWMN694xOfkK8/SnUsW2DH7EfyVlydKCsm1Zw=="],

    "es-set-tostringtag": ["es-set-tostringtag@2.1.0", "https://mirrors.tencent.com/npm/es-set-tostringtag/-/es-set-tostringtag-2.1.0.tgz", { "dependencies": { "es-errors": "^1.3.0", "get-intrinsic": "^1.2.6", "has-tostringtag": "^1.0.2", "hasown": "^2.0.2" } }, "sha512-j6vWzfrGVfyXxge+O0x5sh6cvxAog0a/4Rdd2K36zCMV5eJ+/+tOAngRO8cODMNWbVRdVlmGZQL2YS3yR8bIUA=="],

    "event-target-shim": ["event-target-shim@5.0.1", "https://mirrors.tencent.com/npm/event-target-shim/-/event-target-shim-5.0.1.tgz", {}, "sha512-i/2XbnSz/uxRCU6+NdVJgKWDTM427+MqYbkQzD321DuCQJUqOuJKIA0IM2+W2xtYHdKOmZ4dR6fExsd4SXL+WQ=="],

    "eventemitter3": ["eventemitter3@4.0.7", "https://mirrors.tencent.com/npm/eventemitter3/-/eventemitter3-4.0.7.tgz", {}, "sha512-8guHBZCwKnFhYdHr2ysuRWErTwhoN2X8XELRlrRwpmfeY2jjuUN4taQMsULKUVo1K4DvZl+0pgfyoysHxvmvEw=="],

    "extend": ["extend@3.0.2", "https://mirrors.tencent.com/npm/extend/-/extend-3.0.2.tgz", {}, "sha512-fjquC59cD7CyW6urNXK0FBufkZcoiGG80wTuPujX590cB5Ttln20E2UB4S/WARVqhXffZl2LNgS+gQdPIIim/g=="],

    "file-type": ["file-type@21.3.2", "https://mirrors.tencent.com/npm/file-type/-/file-type-21.3.2.tgz", { "dependencies": { "@tokenizer/inflate": "^0.4.1", "strtok3": "^10.3.4", "token-types": "^6.1.1", "uint8array-extras": "^1.4.0" } }, "sha512-DLkUvGwep3poOV2wpzbHCOnSKGk1LzyXTv+aHFgN2VFl96wnp8YA9YjO2qPzg5PuL8q/SW9Pdi6WTkYOIh995w=="],

    "flat": ["flat@5.0.2", "https://mirrors.tencent.com/npm/flat/-/flat-5.0.2.tgz", { "bin": { "flat": "cli.js" } }, "sha512-b6suED+5/3rTpUBdG1gupIl8MPFCAMA0QXwmljLhvCUKcUvdE4gWky9zpuGCcXHOsz4J9wPGNWq6OKpmIzz3hQ=="],

    "follow-redirects": ["follow-redirects@1.16.0", "https://mirrors.tencent.com/npm/follow-redirects/-/follow-redirects-1.16.0.tgz", {}, "sha512-y5rN/uOsadFT/JfYwhxRS5R7Qce+g3zG97+JrtFZlC9klX/W5hD7iiLzScI4nZqUS7DNUdhPgw4xI8W2LuXlUw=="],

    "form-data": ["form-data@4.0.6", "https://mirrors.tencent.com/npm/form-data/-/form-data-4.0.6.tgz", { "dependencies": { "asynckit": "^0.4.0", "combined-stream": "^1.0.8", "es-set-tostringtag": "^2.1.0", "hasown": "^2.0.4", "mime-types": "^2.1.35" } }, "sha512-vKatAh4SlVfgbv+YtmhiRjhEMJsYpsG1Y2rMQtR+SVSbytsSD1YGzDIcrAJmdFec88u/+VoGmxnl+80gL1tRCQ=="],

    "form-data-encoder": ["form-data-encoder@1.7.2", "https://mirrors.tencent.com/npm/form-data-encoder/-/form-data-encoder-1.7.2.tgz", {}, "sha512-qfqtYan3rxrnCk1VYaA4H+Ms9xdpPqvLZa6xmMgFvhO32x7/3J/ExcTd6qpxM0vH2GdMI+poehyBZvqfMTto8A=="],

    "formdata-node": ["formdata-node@4.4.1", "https://mirrors.tencent.com/npm/formdata-node/-/formdata-node-4.4.1.tgz", { "dependencies": { "node-domexception": "1.0.0", "web-streams-polyfill": "4.0.0-beta.3" } }, "sha512-0iirZp3uVDjVGt9p49aTaqjk84TrglENEDuqfdlZQ1roC9CWlPk6Avf8EEnZNcAqPonwkG35x4n3ww/1THYAeQ=="],

    "fsevents": ["fsevents@2.3.2", "https://mirrors.tencent.com/npm/fsevents/-/fsevents-2.3.2.tgz", { "os": "darwin" }, "sha512-xiqMQR4xAeHTuB9uWm+fFRcIOgKBMiOBP+eXiyT7jsgVCq1bkVygt00oASowB7EdtpOHaaPgKt812P9ab+DDKA=="],

    "function-bind": ["function-bind@1.1.2", "https://mirrors.tencent.com/npm/function-bind/-/function-bind-1.1.2.tgz", {}, "sha512-7XHNxH7qX9xG5mIwxkhumTox/MIRNcOgDrxWsMt2pAr23WHp6MrRlN7FBSFpCpr+oVO0F744iUgR82nJMfG2SA=="],

    "get-intrinsic": ["get-intrinsic@1.3.0", "https://mirrors.tencent.com/npm/get-intrinsic/-/get-intrinsic-1.3.0.tgz", { "dependencies": { "call-bind-apply-helpers": "^1.0.2", "es-define-property": "^1.0.1", "es-errors": "^1.3.0", "es-object-atoms": "^1.1.1", "function-bind": "^1.1.2", "get-proto": "^1.0.1", "gopd": "^1.2.0", "has-symbols": "^1.1.0", "hasown": "^2.0.2", "math-intrinsics": "^1.1.0" } }, "sha512-9fSjSaos/fRIVIp+xSJlE6lfwhES7LNtKaCBIamHsjr2na1BiABJPo0mOjjz8GJDURarmCPGqaiVg5mfjb98CQ=="],

    "get-proto": ["get-proto@1.0.1", "https://mirrors.tencent.com/npm/get-proto/-/get-proto-1.0.1.tgz", { "dependencies": { "dunder-proto": "^1.0.1", "es-object-atoms": "^1.0.0" } }, "sha512-sTSfBjoXBp89JvIKIefqw7U2CCebsc74kiY6awiGogKtoSGbgjYE/G/+l9sF3MWFPNc9IcoOC4ODfKHfxFmp0g=="],

    "gopd": ["gopd@1.2.0", "https://mirrors.tencent.com/npm/gopd/-/gopd-1.2.0.tgz", {}, "sha512-ZUKRh6/kUFoAiTAtTYPZJ3hw9wNxx+BIBOijnlG9PnrJsCcSjs1wyyD6vJpaYtgnzDrKYRSqf3OO6Rfa93xsRg=="],

    "handlebars": ["handlebars@4.7.9", "https://mirrors.tencent.com/npm/handlebars/-/handlebars-4.7.9.tgz", { "dependencies": { "minimist": "^1.2.5", "neo-async": "^2.6.2", "source-map": "^0.6.1", "wordwrap": "^1.0.0" }, "optionalDependencies": { "uglify-js": "^3.1.4" }, "bin": { "handlebars": "bin/handlebars" } }, "sha512-4E71E0rpOaQuJR2A3xDZ+GM1HyWYv1clR58tC8emQNeQe3RH7MAzSbat+V0wG78LQBo6m6bzSG/L4pBuCsgnUQ=="],

    "has-symbols": ["has-symbols@1.1.0", "https://mirrors.tencent.com/npm/has-symbols/-/has-symbols-1.1.0.tgz", {}, "sha512-1cDNdwJ2Jaohmb3sg4OmKaMBwuC48sYni5HUw2DvsC8LjGTLK9h+eb1X6RyuOHe4hT0ULCW68iomhjUoKUqlPQ=="],

    "has-tostringtag": ["has-tostringtag@1.0.2", "https://mirrors.tencent.com/npm/has-tostringtag/-/has-tostringtag-1.0.2.tgz", { "dependencies": { "has-symbols": "^1.0.3" } }, "sha512-NqADB8VjPFLM2V0VvHUewwwsw0ZWBaIdgo+ieHtK3hasLz4qeCRjYcqfB6AQrBggRKppKF8L52/VqdVsO47Dlw=="],

    "hasown": ["hasown@2.0.4", "https://mirrors.tencent.com/npm/hasown/-/hasown-2.0.4.tgz", { "dependencies": { "function-bind": "^1.1.2" } }, "sha512-T2UbfbBEF32wiepXIsMlTW9+dDYC6wMh/t/vYA4tuOMKqWz/n3vr1NFSxQiyP+zk2mXsoMA/i/7qV6LKut1t1A=="],

    "https-proxy-agent": ["https-proxy-agent@5.0.1", "https://mirrors.tencent.com/npm/https-proxy-agent/-/https-proxy-agent-5.0.1.tgz", { "dependencies": { "agent-base": "6", "debug": "4" } }, "sha512-dFcAjpTQFgoLMzC2VwU+C/CbS7uRL0lWmxDITmqm7C+7F0Odmj6s9l6alZc6AELXhrnggM2CeWSXHGOdX2YtwA=="],

    "humanize-ms": ["humanize-ms@1.2.1", "https://mirrors.tencent.com/npm/humanize-ms/-/humanize-ms-1.2.1.tgz", { "dependencies": { "ms": "^2.0.0" } }, "sha512-Fl70vYtsAFb/C06PTS9dZBo7ihau+Tu/DNCk/OyHhea07S+aeMWpFFkUaXRa8fI+ScZbEI8dfSxwY7gxZ9SAVQ=="],

    "ibm-cloud-sdk-core": ["ibm-cloud-sdk-core@5.6.0", "https://mirrors.tencent.com/npm/ibm-cloud-sdk-core/-/ibm-cloud-sdk-core-5.6.0.tgz", { "dependencies": { "@types/debug": "4.1.12", "@types/node": "18.19.80", "@types/tough-cookie": "4.0.0", "axios": "1.18.0", "camelcase": "6.3.0", "debug": "4.3.4", "dotenv": "16.4.5", "extend": "3.0.2", "file-type": "21.3.2", "form-data": "4.0.6", "isstream": "0.1.2", "jsonwebtoken": "9.0.3", "load-esm": "1.0.3", "mime-types": "2.1.35", "retry-axios": "2.6.0", "tough-cookie": "4.1.3" } }, "sha512-7balLY8WKk+bOhe5Vgg4zG2X6Z0zhpG/3VtYPC69evj+lVJSId8xYP7ISRzRfoeXAlJfzLNMbi2Na/0IdDiIkQ=="],

    "ieee754": ["ieee754@1.2.1", "https://mirrors.tencent.com/npm/ieee754/-/ieee754-1.2.1.tgz", {}, "sha512-dcyqhDvX1C46lXZcVqCpK+FtMRQVdIMN6/Df5js2zouUsqG7I6sFxitIC+7KYK29KdXOLHdu9zL4sFnoVQnqaA=="],

    "is-network-error": ["is-network-error@1.3.2", "https://mirrors.tencent.com/npm/is-network-error/-/is-network-error-1.3.2.tgz", {}, "sha512-PhBY86zaxNZUuWP6h13Vu5oFe0XY6/UlKzQnYFELzGVHygP3MxmvTfYSG7GN3aIab/iWudSMgjSnG9Dq+nHrgA=="],

    "isstream": ["isstream@0.1.2", "https://mirrors.tencent.com/npm/isstream/-/isstream-0.1.2.tgz", {}, "sha512-Yljz7ffyPbrLpLngrMtZ7NduUgVvi6wG9RJ9IUcyCd59YQ911PBJphODUcbOVbqYfxe1wuYf/LJ8PauMRwsM/g=="],

    "js-tiktoken": ["js-tiktoken@1.0.21", "https://mirrors.tencent.com/npm/js-tiktoken/-/js-tiktoken-1.0.21.tgz", { "dependencies": { "base64-js": "^1.5.1" } }, "sha512-biOj/6M5qdgx5TKjDnFT1ymSpM5tbd3ylwDtrQvFQSu0Z7bBYko2dF+W/aUkXUPuk6IVpRxk/3Q2sHOzGlS36g=="],

    "js-yaml": ["js-yaml@4.3.1", "https://mirrors.tencent.com/npm/js-yaml/-/js-yaml-4.3.1.tgz", { "dependencies": { "argparse": "^2.0.1" }, "bin": { "js-yaml": "bin/js-yaml.js" } }, "sha512-CY6crGq313MX8GkwvB7tzgp99vjQxY1++5y10/BKN/GUfHqWaOGQMNZkBvqSzsZKWk/ijwHlWzzkLulsGHhjWQ=="],

    "jsonpointer": ["jsonpointer@5.0.1", "https://mirrors.tencent.com/npm/jsonpointer/-/jsonpointer-5.0.1.tgz", {}, "sha512-p/nXbhSEcu3pZRdkW1OfJhpsVtW1gd4Wa1fnQc9YLiTfAjn0312eMKimbdIQzuZl9aa9xUGaRlP9T/CJE/ditQ=="],

    "jsonwebtoken": ["jsonwebtoken@9.0.3", "https://mirrors.tencent.com/npm/jsonwebtoken/-/jsonwebtoken-9.0.3.tgz", { "dependencies": { "jws": "^4.0.1", "lodash.includes": "^4.3.0", "lodash.isboolean": "^3.0.3", "lodash.isinteger": "^4.0.4", "lodash.isnumber": "^3.0.3", "lodash.isplainobject": "^4.0.6", "lodash.isstring": "^4.0.1", "lodash.once": "^4.0.0", "ms": "^2.1.1", "semver": "^7.5.4" } }, "sha512-MT/xP0CrubFRNLNKvxJ2BYfy53Zkm++5bX9dtuPbqAeQpTVe0MQTFhao8+Cp//EmJp244xt6Drw/GVEGCUj40g=="],

    "jwa": ["jwa@2.0.1", "https://mirrors.tencent.com/npm/jwa/-/jwa-2.0.1.tgz", { "dependencies": { "buffer-equal-constant-time": "^1.0.1", "ecdsa-sig-formatter": "1.0.11", "safe-buffer": "^5.0.1" } }, "sha512-hRF04fqJIP8Abbkq5NKGN0Bbr3JxlQ+qhZufXVr0DvujKy93ZCbXZMHDL4EOtodSbCWxOqR8MS1tXA5hwqCXDg=="],

    "jws": ["jws@4.0.1", "https://mirrors.tencent.com/npm/jws/-/jws-4.0.1.tgz", { "dependencies": { "jwa": "^2.0.1", "safe-buffer": "^5.0.1" } }, "sha512-EKI/M/yqPncGUUh44xz0PxSidXFr/+r0pA70+gIYhjv+et7yxM+s29Y+VGDkovRofQem0fs7Uvf4+YmAdyRduA=="],

    "langchain": ["langchain@1.5.5", "https://mirrors.tencent.com/npm/langchain/-/langchain-1.5.5.tgz", { "dependencies": { "@langchain/langgraph": "^1.4.8", "@langchain/langgraph-checkpoint": "^1.1.3", "langsmith": ">=0.5.0 <1.0.0", "zod": "^3.25.76 || ^4" }, "peerDependencies": { "@langchain/core": "^1.2.5" } }, "sha512-KhedvQDRvaLIFMSvEy45U/pqR4G0dEfN7wPyHTBMgMIUXbcrVkaqRVlDSMPfMCwNuiRCfWFUHueYGtgSrwBcBA=="],

    "langsmith": ["langsmith@0.8.9", "https://mirrors.tencent.com/npm/langsmith/-/langsmith-0.8.9.tgz", { "dependencies": { "p-queue": "6.6.2" }, "peerDependencies": { "@opentelemetry/api": "*", "@opentelemetry/exporter-trace-otlp-proto": "*", "@opentelemetry/sdk-trace-base": "*", "openai": "*", "ws": ">=7" }, "optionalPeers": ["@opentelemetry/api", "@opentelemetry/exporter-trace-otlp-proto", "@opentelemetry/sdk-trace-base", "openai", "ws"] }, "sha512-6ikTB5SO+3SlBQ/+oH8K/JzhglxB8AM4RAe5bHzgWSEIHTgTe+b71bSjf1fDvlYuEXoiPn6uP10BbczrbznUnA=="],

    "load-esm": ["load-esm@1.0.3", "https://mirrors.tencent.com/npm/load-esm/-/load-esm-1.0.3.tgz", {}, "sha512-v5xlu8eHD1+6r8EHTg6hfmO97LN8ugKtiXcy5e6oN72iD2r6u0RPfLl6fxM+7Wnh2ZRq15o0russMst44WauPA=="],

    "lodash.includes": ["lodash.includes@4.3.0", "https://mirrors.tencent.com/npm/lodash.includes/-/lodash.includes-4.3.0.tgz", {}, "sha512-W3Bx6mdkRTGtlJISOvVD/lbqjTlPPUDTMnlXZFnVwi9NKJ6tiAk6LVdlhZMm17VZisqhKcgzpO5Wz91PCt5b0w=="],

    "lodash.isboolean": ["lodash.isboolean@3.0.3", "https://mirrors.tencent.com/npm/lodash.isboolean/-/lodash.isboolean-3.0.3.tgz", {}, "sha512-Bz5mupy2SVbPHURB98VAcw+aHh4vRV5IPNhILUCsOzRmsTmSQ17jIuqopAentWoehktxGd9e/hbIXq980/1QJg=="],

    "lodash.isinteger": ["lodash.isinteger@4.0.4", "https://mirrors.tencent.com/npm/lodash.isinteger/-/lodash.isinteger-4.0.4.tgz", {}, "sha512-DBwtEWN2caHQ9/imiNeEA5ys1JoRtRfY3d7V9wkqtbycnAmTvRRmbHKDV4a0EYc678/dia0jrte4tjYwVBaZUA=="],

    "lodash.isnumber": ["lodash.isnumber@3.0.3", "https://mirrors.tencent.com/npm/lodash.isnumber/-/lodash.isnumber-3.0.3.tgz", {}, "sha512-QYqzpfwO3/CWf3XP+Z+tkQsfaLL/EnUlXWVkIk5FUPc4sBdTehEqZONuyRt2P67PXAk+NXmTBcc97zw9t1FQrw=="],

    "lodash.isplainobject": ["lodash.isplainobject@4.0.6", "https://mirrors.tencent.com/npm/lodash.isplainobject/-/lodash.isplainobject-4.0.6.tgz", {}, "sha512-oSXzaWypCMHkPC3NvBEaPHf0KsA5mvPrOPgQWDsbg8n7orZ290M0BmC/jgRZ4vcJ6DTAhjrsSYgdsW/F+MFOBA=="],

    "lodash.isstring": ["lodash.isstring@4.0.1", "https://mirrors.tencent.com/npm/lodash.isstring/-/lodash.isstring-4.0.1.tgz", {}, "sha512-0wJxfxH1wgO3GrbuP+dTTk7op+6L41QCXbGINEmD+ny/G/eCqGzxyCsh7159S+mgDDcoarnBw6PC1PS5+wUGgw=="],

    "lodash.once": ["lodash.once@4.1.1", "https://mirrors.tencent.com/npm/lodash.once/-/lodash.once-4.1.1.tgz", {}, "sha512-Sb487aTOCr9drQVL8pIxOzVhafOjZN9UU54hiN8PU3uAiSV7lx1yYNpbNmex2PK6dSJoNTSJUUswT651yww3Mg=="],

    "math-expression-evaluator": ["math-expression-evaluator@2.0.7", "https://mirrors.tencent.com/npm/math-expression-evaluator/-/math-expression-evaluator-2.0.7.tgz", {}, "sha512-uwliJZ6BPHRq4eiqNWxZBDzKUiS5RIynFFcgchqhBOloVLVBpZpNG8jRYkedLcBvhph8TnRyWEuxPqiQcwIdog=="],

    "math-intrinsics": ["math-intrinsics@1.1.0", "https://mirrors.tencent.com/npm/math-intrinsics/-/math-intrinsics-1.1.0.tgz", {}, "sha512-/IXtbwEk5HTPyEwyKX6hGkYXxM9nbj64B+ilVJnC/R6B0pH5G4V3b0pVbL7DBj4tkhBAppbQUlf6F6Xl9LHu1g=="],

    "mime-db": ["mime-db@1.52.0", "https://mirrors.tencent.com/npm/mime-db/-/mime-db-1.52.0.tgz", {}, "sha512-sPU4uV7dYlvtWJxwwxHD0PuihVNiE7TyAbQ5SWxDCB9mUYvOgroQOwYQQOKPJ8CIbE+1ETVlOoK1UC2nU3gYvg=="],

    "mime-types": ["mime-types@2.1.35", "https://mirrors.tencent.com/npm/mime-types/-/mime-types-2.1.35.tgz", { "dependencies": { "mime-db": "1.52.0" } }, "sha512-ZDY+bPm5zTTF+YpCrAU9nK0UgICYPT0QtT1NZWFv4s++TNkcgVaT0g6+4R2uI4MjQjzysHB1zxuWL50hzaeXiw=="],

    "minimist": ["minimist@1.2.8", "https://mirrors.tencent.com/npm/minimist/-/minimist-1.2.8.tgz", {}, "sha512-2yyAR8qBkN3YuheJanUpWC5U3bb5osDywNB8RzDVlDwDHbocAJveqqj1u8+SVD7jkWT4yvsHCpWqqWqAxb0zCA=="],

    "ms": ["ms@2.1.2", "https://mirrors.tencent.com/npm/ms/-/ms-2.1.2.tgz", {}, "sha512-sGkPx+VjMtmA6MX27oA4FBFELFCZZ4S4XqeGOXCv68tT+jb3vk/RyaKWP0PTKyWtmLSM0b+adUTEvbs1PEaH2w=="],

    "mustache": ["mustache@4.2.0", "https://mirrors.tencent.com/npm/mustache/-/mustache-4.2.0.tgz", { "bin": { "mustache": "bin/mustache" } }, "sha512-71ippSywq5Yb7/tVYyGbkBggbU8H3u5Rz56fH60jGFgr8uHwxs+aSKeqmluIVzM0m0kB7xQjKS6qPfd0b2ZoqQ=="],

    "neo-async": ["neo-async@2.6.2", "https://mirrors.tencent.com/npm/neo-async/-/neo-async-2.6.2.tgz", {}, "sha512-Yd3UES5mWCSqR+qNT93S3UoYUkqAZ9lLg8a7g9rimsWmYGK8cVToA4/sF3RrshdyV3sAGMXVUmpMYOw+dLpOuw=="],

    "node-domexception": ["node-domexception@1.0.0", "https://mirrors.tencent.com/npm/node-domexception/-/node-domexception-1.0.0.tgz", {}, "sha512-/jKZoMpw0F8GRwl4/eLROPA3cfcXtLApP0QzLmUT/HuPCZWyB7IY9ZrMeKw2O/nFIqPQB3PVM9aYm0F312AXDQ=="],

    "node-fetch": ["node-fetch@2.7.0", "https://mirrors.tencent.com/npm/node-fetch/-/node-fetch-2.7.0.tgz", { "dependencies": { "whatwg-url": "^5.0.0" }, "peerDependencies": { "encoding": "^0.1.0" }, "optionalPeers": ["encoding"] }, "sha512-c4FRfUm/dbcWZ7U+1Wq0AwCyFL+3nt2bEw05wfxSz+DWpWsitgmSgYmy2dQdWyKC1694ELPqMs/YzUSNozLt8A=="],

    "openai": ["openai@7.4.0", "https://mirrors.tencent.com/npm/openai/-/openai-7.4.0.tgz", { "peerDependencies": { "@aws-sdk/credential-provider-node": ">=3.972.0 <4", "@smithy/hash-node": ">=4.3.0 <5", "@smithy/signature-v4": ">=5.4.0 <6", "ws": "^8.18.0", "zod": "^3.25 || ^4.0" }, "optionalPeers": ["@aws-sdk/credential-provider-node", "@smithy/hash-node", "@smithy/signature-v4", "ws", "zod"] }, "sha512-+C9Muit5x8j9R8ej8ZzVgKcrVDtqFqTy9gxFdov0EItLgU68zrJtF9ZeT0cyqJQW9S3PCJkdFgADtRGquRBtew=="],

    "openapi-types": ["openapi-types@12.1.3", "https://mirrors.tencent.com/npm/openapi-types/-/openapi-types-12.1.3.tgz", {}, "sha512-N4YtSYJqghVu4iek2ZUvcN/0aqH1kRDuNqzcycDxhOUpg7GdvLa2F3DgS6yBNhInhv2r/6I0Flkn7CqL8+nIcw=="],

    "p-finally": ["p-finally@1.0.0", "https://mirrors.tencent.com/npm/p-finally/-/p-finally-1.0.0.tgz", {}, "sha512-LICb2p9CB7FS+0eR1oqWnHhp0FljGLZCWBE9aix0Uye9W8LTQPwMTYVGWQWIw9RdQiDg4+epXQODwIYJtSJaow=="],

    "p-queue": ["p-queue@6.6.2", "https://mirrors.tencent.com/npm/p-queue/-/p-queue-6.6.2.tgz", { "dependencies": { "eventemitter3": "^4.0.4", "p-timeout": "^3.2.0" } }, "sha512-RwFpb72c/BhQLEXIZ5K2e+AhgNVmIejGlTgiB9MzZ0e93GRvqZ7uSi0dvRF7/XIXDeNkra2fNHBxTyPDGySpjQ=="],

    "p-retry": ["p-retry@7.1.1", "https://mirrors.tencent.com/npm/p-retry/-/p-retry-7.1.1.tgz", { "dependencies": { "is-network-error": "^1.1.0" } }, "sha512-J5ApzjyRkkf601HpEeykoiCvzHQjWxPAHhyjFcEUP2SWq0+35NKh8TLhpLw+Dkq5TZBFvUM6UigdE9hIVYTl5w=="],

    "p-timeout": ["p-timeout@3.2.0", "https://mirrors.tencent.com/npm/p-timeout/-/p-timeout-3.2.0.tgz", { "dependencies": { "p-finally": "^1.0.0" } }, "sha512-rhIwUycgwwKcP9yTOOFK/AKsAopjjCakVqLHePO3CC6Mir1Z99xT+R63jZxAT5lFZLa2inS5h+ZS2GvR99/FBg=="],

    "playwright": ["playwright@1.62.1", "https://mirrors.tencent.com/npm/playwright/-/playwright-1.62.1.tgz", { "dependencies": { "playwright-core": "1.62.1" }, "optionalDependencies": { "fsevents": "2.3.2" }, "bin": { "playwright": "cli.js" } }, "sha512-0M+L3LAD8/nm554LOla9Ayx0j0tmFZ0FBcoQ7F1VuVHpM/XpiC8RcDzBQB8W5+hA8L22THxELzeF+2WcUzvcLg=="],

    "playwright-core": ["playwright-core@1.62.1", "https://mirrors.tencent.com/npm/playwright-core/-/playwright-core-1.62.1.tgz", { "bin": { "playwright-core": "cli.js" } }, "sha512-wPYSwEBJY9GHraISXqyqtx0na0LpO3XEX7jNDhntbex7tzUS7kLnZsOlFruFJB4Hi/rhDMjXGqHewDZ68nYZVw=="],

    "proxy-from-env": ["proxy-from-env@2.1.0", "https://mirrors.tencent.com/npm/proxy-from-env/-/proxy-from-env-2.1.0.tgz", {}, "sha512-cJ+oHTW1VAEa8cJslgmUZrc+sjRKgAKl3Zyse6+PV38hZe/V6Z14TbCuXcan9F9ghlz4QrFr2c92TNF82UkYHA=="],

    "psl": ["psl@1.15.0", "https://mirrors.tencent.com/npm/psl/-/psl-1.15.0.tgz", { "dependencies": { "punycode": "^2.3.1" } }, "sha512-JZd3gMVBAVQkSs6HdNZo9Sdo0LNcQeMNP3CozBJb3JYC/QUYZTnKxP+f8oWRX4rHP5EurWxqAHTSwUCjlNKa1w=="],

    "punycode": ["punycode@2.3.1", "https://mirrors.tencent.com/npm/punycode/-/punycode-2.3.1.tgz", {}, "sha512-vYt7UD1U9Wg6138shLtLOvdAu+8DsC/ilFtEVHcH+wydcSpNE20AfSOduf6MkRFahL5FY7X1oU7nKVZFtfq8Fg=="],

    "querystringify": ["querystringify@2.2.0", "https://mirrors.tencent.com/npm/querystringify/-/querystringify-2.2.0.tgz", {}, "sha512-FIqgj2EUvTa7R50u0rGsyTftzjYmv/a3hO345bZNrqabNqjtgiDMgmo4mkUjd+nzU5oF3dClKqFIPUKybUyqoQ=="],

    "requires-port": ["requires-port@1.0.0", "https://mirrors.tencent.com/npm/requires-port/-/requires-port-1.0.0.tgz", {}, "sha512-KigOCHcocU3XODJxsu8i/j8T9tzT4adHiecwORRQ0ZZFcp7ahwXuRU1m+yuO90C5ZUyGeGfocHDI14M3L3yDAQ=="],

    "retry-axios": ["retry-axios@2.6.0", "https://mirrors.tencent.com/npm/retry-axios/-/retry-axios-2.6.0.tgz", { "peerDependencies": { "axios": "*" } }, "sha512-pOLi+Gdll3JekwuFjXO3fTq+L9lzMQGcSq7M5gIjExcl3Gu1hd4XXuf5o3+LuSBsaULQH7DiNbsqPd1chVpQGQ=="],

    "safe-buffer": ["safe-buffer@5.2.1", "https://mirrors.tencent.com/npm/safe-buffer/-/safe-buffer-5.2.1.tgz", {}, "sha512-rp3So07KcdmmKbGvgaNxQSJr7bGVSVk5S9Eq1F+ppbRo70+YeaDxkw5Dd8NPN+GD6bjnYm2VuPuCXmpuYvmCXQ=="],

    "semver": ["semver@7.8.5", "https://mirrors.tencent.com/npm/semver/-/semver-7.8.5.tgz", { "bin": { "semver": "bin/semver.js" } }, "sha512-Y7/KDsb8LjooZpwaqGyulO6DQlksgCncchHGk+sZIY4SBvUocMBEFH5Ur1fI4dV+Jvl0w6cjvucaIi40puRioA=="],

    "source-map": ["source-map@0.6.1", "https://mirrors.tencent.com/npm/source-map/-/source-map-0.6.1.tgz", {}, "sha512-UjgapumWlbMhkBgzT7Ykc5YXUT46F0iKu8SGXq0bcwP5dz/h0Plj6enJqjz1Zbq2l5WaqYnrVbwWOWMyF3F47g=="],

    "strtok3": ["strtok3@10.3.5", "https://mirrors.tencent.com/npm/strtok3/-/strtok3-10.3.5.tgz", { "dependencies": { "@tokenizer/token": "^0.3.0" } }, "sha512-ki4hZQfh5rX0QDLLkOCj+h+CVNkqmp/CMf8v8kZpkNVK6jGQooMytqzLZYUVYIZcFZ6yDB70EfD8POcFXiF5oA=="],

    "token-types": ["token-types@6.1.2", "https://mirrors.tencent.com/npm/token-types/-/token-types-6.1.2.tgz", { "dependencies": { "@borewit/text-codec": "^0.2.1", "@tokenizer/token": "^0.3.0", "ieee754": "^1.2.1" } }, "sha512-dRXchy+C0IgK8WPC6xvCHFRIWYUbqqdEIKPaKo/AcTUNzwLTK6AH7RjdLWsEZcAN/TBdtfUw3PYEgPr5VPr6ww=="],

    "tough-cookie": ["tough-cookie@4.1.3", "https://mirrors.tencent.com/npm/tough-cookie/-/tough-cookie-4.1.3.tgz", { "dependencies": { "psl": "^1.1.33", "punycode": "^2.1.1", "universalify": "^0.2.0", "url-parse": "^1.5.3" } }, "sha512-aX/y5pVRkfRnfmuX+OdbSdXvPe6ieKX/G2s7e98f4poJHnqH3281gDPm/metm6E/WRamfx7WC4HUqkWHfQHprw=="],

    "tr46": ["tr46@0.0.3", "https://mirrors.tencent.com/npm/tr46/-/tr46-0.0.3.tgz", {}, "sha512-N3WMsuqV66lT30CrXNbEjx4GEwlow3v6rr4mCcv6prnfwhS01rkgyFdjPNBYd9br7LpXV1+Emh01fHnq2Gdgrw=="],

    "uglify-js": ["uglify-js@3.19.3", "https://mirrors.tencent.com/npm/uglify-js/-/uglify-js-3.19.3.tgz", { "bin": { "uglifyjs": "bin/uglifyjs" } }, "sha512-v3Xu+yuwBXisp6QYTcH4UbH+xYJXqnq2m/LtQVWKWzYc1iehYnLixoQDN9FH6/j9/oybfd6W9Ghwkl8+UMKTKQ=="],

    "uint8array-extras": ["uint8array-extras@1.5.0", "https://mirrors.tencent.com/npm/uint8array-extras/-/uint8array-extras-1.5.0.tgz", {}, "sha512-rvKSBiC5zqCCiDZ9kAOszZcDvdAHwwIKJG33Ykj43OKcWsnmcBRL09YTU4nOeHZ8Y2a7l1MgTd08SBe9A8Qj6A=="],

    "undici-types": ["undici-types@5.26.5", "https://mirrors.tencent.com/npm/undici-types/-/undici-types-5.26.5.tgz", {}, "sha512-JlCMO+ehdEIKqlFxk6IfVoAUVmgz7cU7zD/h9XZ0qzeosSHmUJVOzSQvvYSYWXkFXC+IfLKSIffhv0sVZup6pA=="],

    "universalify": ["universalify@0.2.0", "https://mirrors.tencent.com/npm/universalify/-/universalify-0.2.0.tgz", {}, "sha512-CJ1QgKmNg3CwvAv/kOFmtnEN05f0D/cn9QntgNOQlQF9dgvVTHj3t+8JPdjqawCHk7V/KA+fbUqzZ9XWhcqPUg=="],

    "url-parse": ["url-parse@1.5.10", "https://mirrors.tencent.com/npm/url-parse/-/url-parse-1.5.10.tgz", { "dependencies": { "querystringify": "^2.1.1", "requires-port": "^1.0.0" } }, "sha512-WypcfiRhfeUP9vvF0j6rw0J3hrWrw6iZv3+22h6iRMJ/8z1Tj6XfLP4DsUix5MhMPnXpiHDoKyoZ/bdCkwBCiQ=="],

    "uuid": ["uuid@14.0.1", "https://mirrors.tencent.com/npm/uuid/-/uuid-14.0.1.tgz", { "bin": { "uuid": "dist-node/bin/uuid" } }, "sha512-6ZxzVpzDXDa3bJWaHilVayA+BH/1zmxCJoVgvmqJnid/gPoKHxUrS/aC/T6LGQtNHT+XHG9fXPJB4d+IrU30Ew=="],

    "web-streams-polyfill": ["web-streams-polyfill@4.0.0-beta.3", "https://mirrors.tencent.com/npm/web-streams-polyfill/-/web-streams-polyfill-4.0.0-beta.3.tgz", {}, "sha512-QW95TCTaHmsYfHDybGMwO5IJIM93I/6vTRk+daHTWFPhwh+C8Cg7j7XyKrwrj8Ib6vYXe0ocYNrmzY4xAAN6ug=="],

    "webidl-conversions": ["webidl-conversions@3.0.1", "https://mirrors.tencent.com/npm/webidl-conversions/-/webidl-conversions-3.0.1.tgz", {}, "sha512-2JAn3z8AR6rjK8Sm8orRC0h/bcl/DqL7tRPdGZ4I1CjdF+EaMLmYxBHyXuKL849eucPFhvBoxMsflfOb8kxaeQ=="],

    "whatwg-url": ["whatwg-url@5.0.0", "https://mirrors.tencent.com/npm/whatwg-url/-/whatwg-url-5.0.0.tgz", { "dependencies": { "tr46": "~0.0.3", "webidl-conversions": "^3.0.0" } }, "sha512-saE57nupxk6v3HY35+jzBwYa0rKSy0XR8JSxZPwgLr7ys0IBzhGviA1/TUGJLmSVqs8pb9AnvICXEuOHLprYTw=="],

    "wordwrap": ["wordwrap@1.0.0", "https://mirrors.tencent.com/npm/wordwrap/-/wordwrap-1.0.0.tgz", {}, "sha512-gvVzJFlPycKc5dZN4yPkP8w7Dc37BtP1yczEneOb4uq34pXZcvrtRTmWV8W+Ume+XCxKgbjM+nevkyFPMybd4Q=="],

    "ws": ["ws@8.21.3", "https://mirrors.tencent.com/npm/ws/-/ws-8.21.3.tgz", { "peerDependencies": { "bufferutil": "^4.0.1", "utf-8-validate": ">=5.0.2" }, "optionalPeers": ["bufferutil", "utf-8-validate"] }, "sha512-201TZ/kPWxoPr/OKWjquZR1SWKXcvxdH+e1xrx89b3YbmzLMFCLfnaG1HFIgWzJOEWZ7MvpK++odZufgYR50Rw=="],

    "yaml": ["yaml@2.9.0", "https://mirrors.tencent.com/npm/yaml/-/yaml-2.9.0.tgz", { "bin": { "yaml": "bin.mjs" } }, "sha512-2AvhNX3mb8zd6Zy7INTtSpl1F15HW6Wnqj0srWlkKLcpYl/gMIMJiyuGq2KeI2YFxUPjdlB+3Lc10seMLtL4cA=="],

    "zod": ["zod@4.4.3", "https://mirrors.tencent.com/npm/zod/-/zod-4.4.3.tgz", {}, "sha512-ytENFjIJFl2UwYglde2jchW2Hwm4GJFLDiSXWdTrJQBIN9Fcyp7n4DhxJEiWNAJMV1/BqWfW/kkg71UDcHJyTQ=="],

    "zod-to-json-schema": ["zod-to-json-schema@3.25.2", "https://mirrors.tencent.com/npm/zod-to-json-schema/-/zod-to-json-schema-3.25.2.tgz", { "peerDependencies": { "zod": "^3.25.28 || ^4" } }, "sha512-O/PgfnpT1xKSDeQYSCfRI5Gy3hPf91mKVDuYLUHZJMiDFptvP41MSnWofm8dnCm0256ZNfZIM7DSzuSMAFnjHA=="],

    "@langchain/classic/js-yaml": ["js-yaml@5.2.3", "https://mirrors.tencent.com/npm/js-yaml/-/js-yaml-5.2.3.tgz", { "dependencies": { "argparse": "^2.0.1" }, "bin": { "js-yaml": "bin/js-yaml.mjs" } }, "sha512-n+mUVyUX5bVv7G/G2zyIHOhdxfuU1dY2NOFzTQUWiMUbFss8b57NFlgCCaggU78wSw5KVS9cllzeLyzyR+n5nw=="],

    "@langchain/langgraph-sdk/p-queue": ["p-queue@9.3.3", "https://mirrors.tencent.com/npm/p-queue/-/p-queue-9.3.3.tgz", { "dependencies": { "eventemitter3": "^5.0.4", "p-timeout": "^7.0.0" } }, "sha512-NXAOdnEe5FsZJfT4oK84lE1Y5cFFdWlRuOo5tww8DyNMxyRXwn39fIkUtNLKppcPC+UYU/bXujNCUGDv01y7CA=="],

    "@langchain/openai/openai": ["openai@6.49.0", "", { "peerDependencies": { "@aws-sdk/credential-provider-node": ">=3.972.0 <4", "@smithy/hash-node": ">=4.3.0 <5", "@smithy/signature-v4": ">=5.4.0 <6", "ws": "^8.18.0", "zod": "^3.25 || ^4.0" }, "optionalPeers": ["@aws-sdk/credential-provider-node", "@smithy/hash-node", "@smithy/signature-v4", "ws", "zod"] }, "sha512-aYCc0C6L864eR6WSYIwQGyXriw/nIyZx0ObvhzOEVuk0zoBDpynjSbrionWI7q65B5H8jJX0DXR9snEzM6bfPg=="],

    "@tokenizer/inflate/debug": ["debug@4.4.3", "https://mirrors.tencent.com/npm/debug/-/debug-4.4.3.tgz", { "dependencies": { "ms": "^2.1.3" } }, "sha512-RGwwWnwQvkVfavKVt22FGLw+xYSdzARwm0ru6DhTVA3umU5hZc28V3kO4stgYryrTlLpuvgI9GiijltAjNbcqA=="],

    "agent-base/debug": ["debug@4.4.3", "https://mirrors.tencent.com/npm/debug/-/debug-4.4.3.tgz", { "dependencies": { "ms": "^2.1.3" } }, "sha512-RGwwWnwQvkVfavKVt22FGLw+xYSdzARwm0ru6DhTVA3umU5hZc28V3kO4stgYryrTlLpuvgI9GiijltAjNbcqA=="],

    "dotenv-flow/dotenv": ["dotenv@16.4.5", "https://mirrors.tencent.com/npm/dotenv/-/dotenv-16.4.5.tgz", {}, "sha512-ZmdL2rui+eB2YwhsWzjInR8LldtZHGDoQ1ugH85ppHKwpUHL7j7rN0Ti9NCnGiQbhaZ11FpR+7ao1dNsmduNUg=="],

    "humanize-ms/ms": ["ms@2.1.3", "https://mirrors.tencent.com/npm/ms/-/ms-2.1.3.tgz", {}, "sha512-6FlzubTLZG3J2a/NVCAleEhjzq5oxgHyaCU9yYXvcLsvoVaHJq/s5xXI6/XXP6tz7R9xAOtHnSO/tXtF3WRTlA=="],

    "ibm-cloud-sdk-core/dotenv": ["dotenv@16.4.5", "https://mirrors.tencent.com/npm/dotenv/-/dotenv-16.4.5.tgz", {}, "sha512-ZmdL2rui+eB2YwhsWzjInR8LldtZHGDoQ1ugH85ppHKwpUHL7j7rN0Ti9NCnGiQbhaZ11FpR+7ao1dNsmduNUg=="],

    "@langchain/langgraph-sdk/p-queue/eventemitter3": ["eventemitter3@5.0.4", "https://mirrors.tencent.com/npm/eventemitter3/-/eventemitter3-5.0.4.tgz", {}, "sha512-mlsTRyGaPBjPedk6Bvw+aqbsXDtoAyAzm5MO7JgU+yVRyMQ5O8bD4Kcci7BS85f93veegeCPkL8R4GLClnjLFw=="],

    "@langchain/langgraph-sdk/p-queue/p-timeout": ["p-timeout@7.0.1", "https://mirrors.tencent.com/npm/p-timeout/-/p-timeout-7.0.1.tgz", {}, "sha512-AxTM2wDGORHGEkPCt8yqxOTMgpfbEHqF51f/5fJCmwFC3C/zNcGT63SymH2ttOAaiIws2zVg4+izQCjrakcwHg=="],

    "@tokenizer/inflate/debug/ms": ["ms@2.1.3", "https://mirrors.tencent.com/npm/ms/-/ms-2.1.3.tgz", {}, "sha512-6FlzubTLZG3J2a/NVCAleEhjzq5oxgHyaCU9yYXvcLsvoVaHJq/s5xXI6/XXP6tz7R9xAOtHnSO/tXtF3WRTlA=="],

    "agent-base/debug/ms": ["ms@2.1.3", "https://mirrors.tencent.com/npm/ms/-/ms-2.1.3.tgz", {}, "sha512-6FlzubTLZG3J2a/NVCAleEhjzq5oxgHyaCU9yYXvcLsvoVaHJq/s5xXI6/XXP6tz7R9xAOtHnSO/tXtF3WRTlA=="],
  }
}
