{
  "lockfileVersion": 1,
  "configVersion": 1,
  "workspaces": {
    "": {
      "name": "test",
      "dependencies": {
        "@langchain/core": "^1.2.5",
        "@langchain/openai": "^1.5.6",
        "dotenv-flow": "^4.1.0",
        "langchain": "^1.5.5",
        "zod": "^4.4.3",
      },
    },
  },
  "packages": {
    "@cfworker/json-schema": ["@cfworker/json-schema@4.1.1", "https://mirrors.tencent.com/npm/@cfworker/json-schema/-/json-schema-4.1.1.tgz", {}, "sha512-gAmrUZSGtKc3AiBL71iNWxDsyUC5uMaKKGdvzYsBoTW/xi42JQHl7eKV2OYzCUqvc+D2RCcf7EXY2iCyFIk6og=="],

    "@langchain/core": ["@langchain/core@1.2.5", "https://mirrors.tencent.com/npm/@langchain/core/-/core-1.2.5.tgz", { "dependencies": { "@cfworker/json-schema": "^4.0.2", "@standard-schema/spec": "^1.1.0", "js-tiktoken": "^1.0.12", "langsmith": ">=0.5.0 <1.0.0", "mustache": "^4.2.0", "p-queue": "^6.6.2", "zod": "^3.25.76 || ^4" } }, "sha512-4lXj3fTPQYGdEtOG9gWDnvmp6wpXNMo9MmWzfZxxPUxMcjulZJa93pYAZ90luFLg2YVdVuUl2tuwdD7tY5K9MA=="],

    "@langchain/langgraph": ["@langchain/langgraph@1.4.9", "https://mirrors.tencent.com/npm/@langchain/langgraph/-/langgraph-1.4.9.tgz", { "dependencies": { "@langchain/langgraph-checkpoint": "^1.1.3", "@langchain/langgraph-sdk": "~1.9.28", "@langchain/protocol": "^0.0.18", "@standard-schema/spec": "1.1.0" }, "peerDependencies": { "@langchain/core": "^1.1.48", "zod": "^3.25.32 || ^4.2.0" } }, "sha512-EvD9rS66Cya09y6rbMgD3Ir8miAkJQFo7FyJOPRPO736Kz3y5TeyeBDOS8ctff/jRc788bPijHx2NVFM79Qqig=="],

    "@langchain/langgraph-checkpoint": ["@langchain/langgraph-checkpoint@1.1.3", "https://mirrors.tencent.com/npm/@langchain/langgraph-checkpoint/-/langgraph-checkpoint-1.1.3.tgz", { "peerDependencies": { "@langchain/core": "^1.1.48" } }, "sha512-wgzdQNeEsdw1e+4lvlj0tdq/RYR/k1vPin10g0ymGoehZDDgd9nvIllGXSXN4TFgF9sf5qQP/KTkOcLfeseIhA=="],

    "@langchain/langgraph-sdk": ["@langchain/langgraph-sdk@1.9.28", "https://mirrors.tencent.com/npm/@langchain/langgraph-sdk/-/langgraph-sdk-1.9.28.tgz", { "dependencies": { "@langchain/protocol": "^0.0.18", "@types/json-schema": "^7.0.15", "p-queue": "^9.0.1", "p-retry": "^7.1.1" }, "peerDependencies": { "@langchain/core": "^1.1.48", "react": "^18 || ^19", "react-dom": "^18 || ^19", "svelte": "^4.0.0 || ^5.0.0", "vue": "^3.0.0" }, "optionalPeers": ["react", "react-dom", "svelte", "vue"] }, "sha512-4j3XuM0PvtmAbL8mPfBS99ez3+ytRfgbOpAR/nOeaejTRF3Q9dNw2QnaGLGng8wLPtGLoSj+SYgUOVxy9Bv9vg=="],

    "@langchain/openai": ["@langchain/openai@1.5.6", "", { "dependencies": { "js-tiktoken": "^1.0.12", "openai": "^6.41.0", "zod": "^3.25.76 || ^4" }, "peerDependencies": { "@langchain/core": "^1.2.5" } }, "sha512-1cesvhCXw30tMYWXXQaK2gN4aDIKq266LcMSjZn7O/kue/vPnCOAxiwy54HcGQQf7m/sVKfhOn4QwVRObSeAsg=="],

    "@langchain/protocol": ["@langchain/protocol@0.0.18", "https://mirrors.tencent.com/npm/@langchain/protocol/-/protocol-0.0.18.tgz", {}, "sha512-XW1egQtPfsGI41w2AMZNFZrUIwFSQHTjVMZs0OaTpCAvht/QLoaPN8FQcsysMVypOhupG28J29yOorrc70otBQ=="],

    "@standard-schema/spec": ["@standard-schema/spec@1.1.0", "https://mirrors.tencent.com/npm/@standard-schema/spec/-/spec-1.1.0.tgz", {}, "sha512-l2aFy5jALhniG5HgqrD6jXLi/rUWrKvqN/qJx6yoJsgKhblVd+iqqU4RCXavm/jPityDo5TCvKMnpjKnOriy0w=="],

    "@types/json-schema": ["@types/json-schema@7.0.15", "https://mirrors.tencent.com/npm/@types/json-schema/-/json-schema-7.0.15.tgz", {}, "sha512-5+fP8P8MFNC+AyZCDxrB2pkZFPGzqQWUzpSeuuVLvm8VMcorNYavBqoFcxK8bQz4Qsbn4oUEEem4wDLfcysGHA=="],

    "base64-js": ["base64-js@1.5.1", "https://mirrors.tencent.com/npm/base64-js/-/base64-js-1.5.1.tgz", {}, "sha512-AKpaYlHn8t4SVbOHCy+b5+KKgvR4vrsD8vbvrbiQJps7fKDTkjkDry6ji0rUJjC0kzbNePLwzxq8iypo41qeWA=="],

    "dotenv": ["dotenv@16.4.5", "https://mirrors.tencent.com/npm/dotenv/-/dotenv-16.4.5.tgz", {}, "sha512-ZmdL2rui+eB2YwhsWzjInR8LldtZHGDoQ1ugH85ppHKwpUHL7j7rN0Ti9NCnGiQbhaZ11FpR+7ao1dNsmduNUg=="],

    "dotenv-flow": ["dotenv-flow@4.1.0", "https://mirrors.tencent.com/npm/dotenv-flow/-/dotenv-flow-4.1.0.tgz", { "dependencies": { "dotenv": "^16.0.0" } }, "sha512-0cwP9jpQBQfyHwvE0cRhraZMkdV45TQedA8AAUZMsFzvmLcQyc1HPv+oX0OOYwLFjIlvgVepQ+WuQHbqDaHJZg=="],

    "eventemitter3": ["eventemitter3@4.0.7", "https://mirrors.tencent.com/npm/eventemitter3/-/eventemitter3-4.0.7.tgz", {}, "sha512-8guHBZCwKnFhYdHr2ysuRWErTwhoN2X8XELRlrRwpmfeY2jjuUN4taQMsULKUVo1K4DvZl+0pgfyoysHxvmvEw=="],

    "is-network-error": ["is-network-error@1.3.2", "https://mirrors.tencent.com/npm/is-network-error/-/is-network-error-1.3.2.tgz", {}, "sha512-PhBY86zaxNZUuWP6h13Vu5oFe0XY6/UlKzQnYFELzGVHygP3MxmvTfYSG7GN3aIab/iWudSMgjSnG9Dq+nHrgA=="],

    "js-tiktoken": ["js-tiktoken@1.0.21", "https://mirrors.tencent.com/npm/js-tiktoken/-/js-tiktoken-1.0.21.tgz", { "dependencies": { "base64-js": "^1.5.1" } }, "sha512-biOj/6M5qdgx5TKjDnFT1ymSpM5tbd3ylwDtrQvFQSu0Z7bBYko2dF+W/aUkXUPuk6IVpRxk/3Q2sHOzGlS36g=="],

    "langchain": ["langchain@1.5.5", "https://mirrors.tencent.com/npm/langchain/-/langchain-1.5.5.tgz", { "dependencies": { "@langchain/langgraph": "^1.4.8", "@langchain/langgraph-checkpoint": "^1.1.3", "langsmith": ">=0.5.0 <1.0.0", "zod": "^3.25.76 || ^4" }, "peerDependencies": { "@langchain/core": "^1.2.5" } }, "sha512-KhedvQDRvaLIFMSvEy45U/pqR4G0dEfN7wPyHTBMgMIUXbcrVkaqRVlDSMPfMCwNuiRCfWFUHueYGtgSrwBcBA=="],

    "langsmith": ["langsmith@0.8.9", "https://mirrors.tencent.com/npm/langsmith/-/langsmith-0.8.9.tgz", { "dependencies": { "p-queue": "6.6.2" }, "peerDependencies": { "@opentelemetry/api": "*", "@opentelemetry/exporter-trace-otlp-proto": "*", "@opentelemetry/sdk-trace-base": "*", "openai": "*", "ws": ">=7" }, "optionalPeers": ["@opentelemetry/api", "@opentelemetry/exporter-trace-otlp-proto", "@opentelemetry/sdk-trace-base", "openai", "ws"] }, "sha512-6ikTB5SO+3SlBQ/+oH8K/JzhglxB8AM4RAe5bHzgWSEIHTgTe+b71bSjf1fDvlYuEXoiPn6uP10BbczrbznUnA=="],

    "mustache": ["mustache@4.2.0", "https://mirrors.tencent.com/npm/mustache/-/mustache-4.2.0.tgz", { "bin": { "mustache": "bin/mustache" } }, "sha512-71ippSywq5Yb7/tVYyGbkBggbU8H3u5Rz56fH60jGFgr8uHwxs+aSKeqmluIVzM0m0kB7xQjKS6qPfd0b2ZoqQ=="],

    "openai": ["openai@6.49.0", "", { "peerDependencies": { "@aws-sdk/credential-provider-node": ">=3.972.0 <4", "@smithy/hash-node": ">=4.3.0 <5", "@smithy/signature-v4": ">=5.4.0 <6", "ws": "^8.18.0", "zod": "^3.25 || ^4.0" }, "optionalPeers": ["@aws-sdk/credential-provider-node", "@smithy/hash-node", "@smithy/signature-v4", "ws", "zod"] }, "sha512-aYCc0C6L864eR6WSYIwQGyXriw/nIyZx0ObvhzOEVuk0zoBDpynjSbrionWI7q65B5H8jJX0DXR9snEzM6bfPg=="],

    "p-finally": ["p-finally@1.0.0", "https://mirrors.tencent.com/npm/p-finally/-/p-finally-1.0.0.tgz", {}, "sha512-LICb2p9CB7FS+0eR1oqWnHhp0FljGLZCWBE9aix0Uye9W8LTQPwMTYVGWQWIw9RdQiDg4+epXQODwIYJtSJaow=="],

    "p-queue": ["p-queue@6.6.2", "https://mirrors.tencent.com/npm/p-queue/-/p-queue-6.6.2.tgz", { "dependencies": { "eventemitter3": "^4.0.4", "p-timeout": "^3.2.0" } }, "sha512-RwFpb72c/BhQLEXIZ5K2e+AhgNVmIejGlTgiB9MzZ0e93GRvqZ7uSi0dvRF7/XIXDeNkra2fNHBxTyPDGySpjQ=="],

    "p-retry": ["p-retry@7.1.1", "https://mirrors.tencent.com/npm/p-retry/-/p-retry-7.1.1.tgz", { "dependencies": { "is-network-error": "^1.1.0" } }, "sha512-J5ApzjyRkkf601HpEeykoiCvzHQjWxPAHhyjFcEUP2SWq0+35NKh8TLhpLw+Dkq5TZBFvUM6UigdE9hIVYTl5w=="],

    "p-timeout": ["p-timeout@3.2.0", "https://mirrors.tencent.com/npm/p-timeout/-/p-timeout-3.2.0.tgz", { "dependencies": { "p-finally": "^1.0.0" } }, "sha512-rhIwUycgwwKcP9yTOOFK/AKsAopjjCakVqLHePO3CC6Mir1Z99xT+R63jZxAT5lFZLa2inS5h+ZS2GvR99/FBg=="],

    "ws": ["ws@8.21.3", "https://mirrors.tencent.com/npm/ws/-/ws-8.21.3.tgz", { "peerDependencies": { "bufferutil": "^4.0.1", "utf-8-validate": ">=5.0.2" }, "optionalPeers": ["bufferutil", "utf-8-validate"] }, "sha512-201TZ/kPWxoPr/OKWjquZR1SWKXcvxdH+e1xrx89b3YbmzLMFCLfnaG1HFIgWzJOEWZ7MvpK++odZufgYR50Rw=="],

    "zod": ["zod@4.4.3", "https://mirrors.tencent.com/npm/zod/-/zod-4.4.3.tgz", {}, "sha512-ytENFjIJFl2UwYglde2jchW2Hwm4GJFLDiSXWdTrJQBIN9Fcyp7n4DhxJEiWNAJMV1/BqWfW/kkg71UDcHJyTQ=="],

    "@langchain/langgraph-sdk/p-queue": ["p-queue@9.3.3", "https://mirrors.tencent.com/npm/p-queue/-/p-queue-9.3.3.tgz", { "dependencies": { "eventemitter3": "^5.0.4", "p-timeout": "^7.0.0" } }, "sha512-NXAOdnEe5FsZJfT4oK84lE1Y5cFFdWlRuOo5tww8DyNMxyRXwn39fIkUtNLKppcPC+UYU/bXujNCUGDv01y7CA=="],

    "@langchain/langgraph-sdk/p-queue/eventemitter3": ["eventemitter3@5.0.4", "https://mirrors.tencent.com/npm/eventemitter3/-/eventemitter3-5.0.4.tgz", {}, "sha512-mlsTRyGaPBjPedk6Bvw+aqbsXDtoAyAzm5MO7JgU+yVRyMQ5O8bD4Kcci7BS85f93veegeCPkL8R4GLClnjLFw=="],

    "@langchain/langgraph-sdk/p-queue/p-timeout": ["p-timeout@7.0.1", "https://mirrors.tencent.com/npm/p-timeout/-/p-timeout-7.0.1.tgz", {}, "sha512-AxTM2wDGORHGEkPCt8yqxOTMgpfbEHqF51f/5fJCmwFC3C/zNcGT63SymH2ttOAaiIws2zVg4+izQCjrakcwHg=="],
  }
}
